
Microsoft Visual Studio Solution File, Format Version 12.00
# Visual Studio Version 17
VisualStudioVersion = 17.9.34701.34
MinimumVisualStudioVersion = 10.0.40219.1
Project("{FAE04EC0-301F-11D3-BF4B-00C04F79EFBC}") = "MVCTestApplication", "MVCTestApplication\MVCTestApplication.csproj", "{7975CA14-AF2A-4E69-B994-A996E6B9FEB9}"
EndProject
Global
	GlobalSection(SolutionConfigurationPlatforms) = preSolution
		Debug|Any CPU = Debug|Any CPU
		Release|Any CPU = Release|Any CPU
	EndGlobalSection
	GlobalSection(ProjectConfigurationPlatforms) = postSolution
		{7975CA14-AF2A-4E69-B994-A996E6B9FEB9}.Debug|Any CPU.ActiveCfg = Debug|Any CPU
		{7975CA14-AF2A-4E69-B994-A996E6B9FEB9}.Debug|Any CPU.Build.0 = Debug|Any CPU
		{7975CA14-AF2A-4E69-B994-A996E6B9FEB9}.Release|Any CPU.ActiveCfg = Release|Any CPU
		{7975CA14-AF2A-4E69-B994-A996E6B9FEB9}.Release|Any CPU.Build.0 = Release|Any CPU
	EndGlobalSection
	GlobalSection(SolutionProperties) = preSolution
		HideSolutionNode = FALSE
	EndGlobalSection
	GlobalSection(ExtensibilityGlobals) = postSolution
		SolutionGuid = {A1D58F95-C893-460B-A3D9-CAE1304C172B}
	EndGlobalSection
EndGlobal
